// !$*UTF8*$!
{
	archiveVersion = 1;
	classes = {
	};
	objectVersion = 55;
	objects = {

/* Begin PBXBuildFile section */
		EE4A5C5227EA0863000009FD /* AppDelegate.swift in Sources */ = {isa = PBXBuildFile; fileRef = EE4A5C5127EA0863000009FD /* AppDelegate.swift */; };
		EE4A5C5427EA0863000009FD /* SceneDelegate.swift in Sources */ = {isa = PBXBuildFile; fileRef = EE4A5C5327EA0863000009FD /* SceneDelegate.swift */; };
		EE4A5C5627EA0863000009FD /* ViewController.swift in Sources */ = {isa = PBXBuildFile; fileRef = EE4A5C5527EA0863000009FD /* ViewController.swift */; };
		EE4A5C5927EA0863000009FD /* Main.storyboard in Resources */ = {isa = PBXBuildFile; fileRef = EE4A5C5727EA0863000009FD /* Main.storyboard */; };
		EE4A5C5B27EA0864000009FD /* Assets.xcassets in Resources */ = {isa = PBXBuildFile; fileRef = EE4A5C5A27EA0864000009FD /* Assets.xcassets */; };
		EE4A5C5E27EA0864000009FD /* LaunchScreen.storyboard in Resources */ = {isa = PBXBuildFile; fileRef = EE4A5C5C27EA0864000009FD /* LaunchScreen.storyboard */; };
		EE4A5C6727EA08AF000009FD /* ProcedureKit in Frameworks */ = {isa = PBXBuildFile; productRef = EE4A5C6627EA08AF000009FD /* ProcedureKit */; };
		EE4A5C6927EA08C5000009FD /* Procedures.swift in Sources */ = {isa = PBXBuildFile; fileRef = EE4A5C6827EA08C5000009FD /* Procedures.swift */; };
/* End PBXBuildFile section */

/* Begin PBXFileReference section */
		EE4A5C4E27EA0863000009FD /* ProcedureKitIntro.app */ = {isa = PBXFileReference; explicitFileType = wrapper.application; includeInIndex = 0; path = ProcedureKitIntro.app; sourceTree = BUILT_PRODUCTS_DIR; };
		EE4A5C5127EA0863000009FD /* AppDelegate.swift */ = {isa = PBXFileReference; lastKnownFileType = sourcecode.swift; path = AppDelegate.swift; sourceTree = "<group>"; };
		EE4A5C5327EA0863000009FD /* SceneDelegate.swift */ = {isa = PBXFileReference; lastKnownFileType = sourcecode.swift; path = SceneDelegate.swift; sourceTree = "<group>"; };
		EE4A5C5527EA0863000009FD /* ViewController.swift */ = {isa = PBXFileReference; lastKnownFileType = sourcecode.swift; path = ViewController.swift; sourceTree = "<group>"; };
		EE4A5C5827EA0863000009FD /* Base */ = {isa = PBXFileReference; lastKnownFileType = file.storyboard; name = Base; path = Base.lproj/Main.storyboard; sourceTree = "<group>"; };
		EE4A5C5A27EA0864000009FD /* Assets.xcassets */ = {isa = PBXFileReference; lastKnownFileType = folder.assetcatalog; path = Assets.xcassets; sourceTree = "<group>"; };
		EE4A5C5D27EA0864000009FD /* Base */ = {isa = PBXFileReference; lastKnownFileType = file.storyboard; name = Base; path = Base.lproj/LaunchScreen.storyboard; sourceTree = "<group>"; };
		EE4A5C5F27EA0864000009FD /* Info.plist */ = {isa = PBXFileReference; lastKnownFileType = text.plist.xml; path = Info.plist; sourceTree = "<group>"; };
		EE4A5C6827EA08C5000009FD /* Procedures.swift */ = {isa = PBXFileReference; lastKnownFileType = sourcecode.swift; path = Procedures.swift; sourceTree = "<group>"; };
/* End PBXFileReference section */

/* Begin PBXFrameworksBuildPhase section */
		EE4A5C4B27EA0863000009FD /* Frameworks */ = {
			isa = PBXFrameworksBuildPhase;
			buildActionMask = 2147483647;
			files = (
				EE4A5C6727EA08AF000009FD /* ProcedureKit in Frameworks */,
			);
			runOnlyForDeploymentPostprocessing = 0;
		};
/* End PBXFrameworksBuildPhase section */

/* Begin PBXGroup section */
		EE4A5C4527EA0863000009FD = {
			isa = PBXGroup;
			children = (
				EE4A5C5027EA0863000009FD /* ProcedureKitIntro */,
				EE4A5C4F27EA0863000009FD /* Products */,
			);
			sourceTree = "<group>";
		};
		EE4A5C4F27EA0863000009FD /* Products */ = {
			isa = PBXGroup;
			children = (
				EE4A5C4E27EA0863000009FD /* ProcedureKitIntro.app */,
			);
			name = Products;
			sourceTree = "<group>";
		};
		EE4A5C5027EA0863000009FD /* ProcedureKitIntro */ = {
			isa = PBXGroup;
			children = (
				EE4A5C5127EA0863000009FD /* AppDelegate.swift */,
				EE4A5C5327EA0863000009FD /* SceneDelegate.swift */,
				EE4A5C5527EA0863000009FD /* ViewController.swift */,
				EE4A5C5727EA0863000009FD /* Main.storyboard */,
				EE4A5C5A27EA0864000009FD /* Assets.xcassets */,
				EE4A5C5C27EA0864000009FD /* LaunchScreen.storyboard */,
				EE4A5C5F27EA0864000009FD /* Info.plist */,
				EE4A5C6827EA08C5000009FD /* Procedures.swift */,
			);
			path = ProcedureKitIntro;
			sourceTree = "<group>";
		};
/* End PBXGroup section */

/* Begin PBXNativeTarget section */
		EE4A5C4D27EA0863000009FD /* ProcedureKitIntro */ = {
			isa = PBXNativeTarget;
			buildConfigurationList = EE4A5C6227EA0864000009FD /* Build configuration list for PBXNativeTarget "ProcedureKitIntro" */;
			buildPhases = (
				EE4A5C4A27EA0863000009FD /* Sources */,
				EE4A5C4B27EA0863000009FD /* Frameworks */,
				EE4A5C4C27EA0863000009FD /* Resources */,
			);
			buildRules = (
			);
			dependencies = (
			);
			name = ProcedureKitIntro;
			packageProductDependencies = (
				EE4A5C6627EA08AF000009FD /* ProcedureKit */,
			);
			productName = ProcedureKitIntro;
			productReference = EE4A5C4E27EA0863000009FD /* ProcedureKitIntro.app */;
			productType = "com.apple.product-type.application";
		};
/* End PBXNativeTarget section */

/* Begin PBXProject section */
		EE4A5C4627EA0863000009FD /* Project object */ = {
			isa = PBXProject;
			attributes = {
				BuildIndependentTargetsInParallel = 1;
				LastSwiftUpdateCheck = 1330;
				LastUpgradeCheck = 1330;
				TargetAttributes = {
					EE4A5C4D27EA0863000009FD = {
						CreatedOnToolsVersion = 13.3;
					};
				};
			};
			buildConfigurationList = EE4A5C4927EA0863000009FD /* Build configuration list for PBXProject "ProcedureKitIntro" */;
			compatibilityVersion = "Xcode 13.0";
			developmentRegion = en;
			hasScannedForEncodings = 0;
			knownRegions = (
				en,
				Base,
			);
			mainGroup = EE4A5C4527EA0863000009FD;
			packageReferences = (
				EE4A5C6527EA08AF000009FD /* XCRemoteSwiftPackageReference "ProcedureKit" */,
			);
			productRefGroup = EE4A5C4F27EA0863000009FD /* Products */;
			projectDirPath = "";
			projectRoot = "";
			targets = (
				EE4A5C4D27EA0863000009FD /* ProcedureKitIntro */,
			);
		};
/* End PBXProject section */

/* Begin PBXResourcesBuildPhase section */
		EE4A5C4C27EA0863000009FD /* Resources */ = {
			isa = PBXResourcesBuildPhase;
			buildActionMask = 2147483647;
			files = (
				EE4A5C5E27EA0864000009FD /* LaunchScreen.storyboard in Resources */,
				EE4A5C5B27EA0864000009FD /* Assets.xcassets in Resources */,
				EE4A5C5927EA0863000009FD /* Main.storyboard in Resources */,
			);
			runOnlyForDeploymentPostprocessing = 0;
		};
/* End PBXResourcesBuildPhase section */

/* Begin PBXSourcesBuildPhase section */
		EE4A5C4A27EA0863000009FD /* Sources */ = {
			isa = PBXSourcesBuildPhase;
			buildActionMask = 2147483647;
			files = (
				EE4A5C5627EA0863000009FD /* ViewController.swift in Sources */,
				EE4A5C5227EA0863000009FD /* AppDelegate.swift in Sources */,
				EE4A5C5427EA0863000009FD /* SceneDelegate.swift in Sources */,
				EE4A5C6927EA08C5000009FD /* Procedures.swift in Sources */,
			);
			runOnlyForDeploymentPostprocessing = 0;
		};
/* End PBXSourcesBuildPhase section */

/* Begin PBXVariantGroup section */
		EE4A5C5727EA0863000009FD /* Main.storyboard */ = {
			isa = PBXVariantGroup;
			children = (
				EE4A5C5827EA0863000009FD /* Base */,
			);
			name = Main.storyboard;
			sourceTree = "<group>";
		};
		EE4A5C5C27EA0864000009FD /* LaunchScreen.storyboard */ = {
			isa = PBXVariantGroup;
			children = (
				EE4A5C5D27EA0864000009FD /* Base */,
			);
			name = LaunchScreen.storyboard;
			sourceTree = "<group>";
		};
/* End PBXVariantGroup section */

/* Begin XCBuildConfiguration section */
		EE4A5C6027EA0864000009FD /* Debug */ = {
			isa = XCBuildConfiguration;
			buildSettings = {
				ALWAYS_SEARCH_USER_PATHS = NO;
				CLANG_ANALYZER_NONNULL = YES;
				CLANG_ANALYZER_NUMBER_OBJECT_CONVERSION = YES_AGGRESSIVE;
				CLANG_CXX_LANGUAGE_STANDARD = "gnu++17";
				CLANG_ENABLE_MODULES = YES;
				CLANG_ENABLE_OBJC_ARC = YES;
				CLANG_ENABLE_OBJC_WEAK = YES;
				CLANG_WARN_BLOCK_CAPTURE_AUTORELEASING = YES;
				CLANG_WARN_BOOL_CONVERSION = YES;
				CLANG_WARN_COMMA = YES;
				CLANG_WARN_CONSTANT_CONVERSION = YES;
				CLANG_WARN_DEPRECATED_OBJC_IMPLEMENTATIONS = YES;
				CLANG_WARN_DIRECT_OBJC_ISA_USAGE = YES_ERROR;
				CLANG_WARN_DOCUMENTATION_COMMENTS = YES;
				CLANG_WARN_EMPTY_BODY = YES;
				CLANG_WARN_ENUM_CONVERSION = YES;
				CLANG_WARN_INFINITE_RECURSION = YES;
				CLANG_WARN_INT_CONVERSION = YES;
				CLANG_WARN_NON_LITERAL_NULL_CONVERSION = YES;
				CLANG_WARN_OBJC_IMPLICIT_RETAIN_SELF = YES;
				CLANG_WARN_OBJC_LITERAL_CONVERSION = YES;
				CLANG_WARN_OBJC_ROOT_CLASS = YES_ERROR;
				CLANG_WARN_QUOTED_INCLUDE_IN_FRAMEWORK_HEADER = YES;
				CLANG_WARN_RANGE_LOOP_ANALYSIS = YES;
				CLANG_WARN_STRICT_PROTOTYPES = YES;
				CLANG_WARN_SUSPICIOUS_MOVE = YES;
				CLANG_WARN_UNGUARDED_AVAILABILITY = YES_AGGRESSIVE;
				CLANG_WARN_UNREACHABLE_CODE = YES;
				CLANG_WARN__DUPLICATE_METHOD_MATCH = YES;
				COPY_PHASE_STRIP = NO;
				DEBUG_INFORMATION_FORMAT = dwarf;
				ENABLE_STRICT_OBJC_MSGSEND = YES;
				ENABLE_TESTABILITY = YES;
				GCC_C_LANGUAGE_STANDARD = gnu11;
				GCC_DYNAMIC_NO_PIC = NO;
				GCC_NO_COMMON_BLOCKS = YES;
				GCC_OPTIMIZATION_LEVEL = 0;
				GCC_PREPROCESSOR_DEFINITIONS = (
					"DEBUG=1",
					"$(inherited)",
				);
				GCC_WARN_64_TO_32_BIT_CONVERSION = YES;
				GCC_WARN_ABOUT_RETURN_TYPE = YES_ERROR;
				GCC_WARN_UNDECLARED_SELECTOR = YES;
				GCC_WARN_UNINITIALIZED_AUTOS = YES_AGGRESSIVE;
				GCC_WARN_UNUSED_FUNCTION = YES;
				GCC_WARN_UNUSED_VARIABLE = YES;
				IPHONEOS_DEPLOYMENT_TARGET = 15.4;
				MTL_ENABLE_DEBUG_INFO = INCLUDE_SOURCE;
				MTL_FAST_MATH = YES;
				ONLY_ACTIVE_ARCH = YES;
				SDKROOT = iphoneos;
				SWIFT_ACTIVE_COMPILATION_CONDITIONS = DEBUG;
				SWIFT_OPTIMIZATION_LEVEL = "-Onone";
			};
			name = Debug;
		};
		EE4A5C6127EA0864000009FD /* Release */ = {
			isa = XCBuildConfiguration;
			buildSettings = {
				ALWAYS_SEARCH_USER_PATHS = NO;
				CLANG_ANALYZER_NONNULL = YES;
				CLANG_ANALYZER_NUMBER_OBJECT_CONVERSION = YES_AGGRESSIVE;
				CLANG_CXX_LANGUAGE_STANDARD = "gnu++17";
				CLANG_ENABLE_MODULES = YES;
				CLANG_ENABLE_OBJC_ARC = YES;
				CLANG_ENABLE_OBJC_WEAK = YES;
				CLANG_WARN_BLOCK_CAPTURE_AUTORELEASING = YES;
				CLANG_WARN_BOOL_CONVERSION = YES;
				CLANG_WARN_COMMA = YES;
				CLANG_WARN_CONSTANT_CONVERSION = YES;
				CLANG_WARN_DEPRECATED_OBJC_IMPLEMENTATIONS = YES;
				CLANG_WARN_DIRECT_OBJC_ISA_USAGE = YES_ERROR;
				CLANG_WARN_DOCUMENTATION_COMMENTS = YES;
				CLANG_WARN_EMPTY_BODY = YES;
				CLANG_WARN_ENUM_CONVERSION = YES;
				CLANG_WARN_INFINITE_RECURSION = YES;
				CLANG_WARN_INT_CONVERSION = YES;
				CLANG_WARN_NON_LITERAL_NULL_CONVERSION = YES;
				CLANG_WARN_OBJC_IMPLICIT_RETAIN_SELF = YES;
				CLANG_WARN_OBJC_LITERAL_CONVERSION = YES;
				CLANG_WARN_OBJC_ROOT_CLASS = YES_ERROR;
				CLANG_WARN_QUOTED_INCLUDE_IN_FRAMEWORK_HEADER = YES;
				CLANG_WARN_RANGE_LOOP_ANALYSIS = YES;
				CLANG_WARN_STRICT_PROTOTYPES = YES;
				CLANG_WARN_SUSPICIOUS_MOVE = YES;
				CLANG_WARN_UNGUARDED_AVAILABILITY = YES_AGGRESSIVE;
				CLANG_WARN_UNREACHABLE_CODE = YES;
				CLANG_WARN__DUPLICATE_METHOD_MATCH = YES;
				COPY_PHASE_STRIP = NO;
				DEBUG_INFORMATION_FORMAT = "dwarf-with-dsym";
				ENABLE_NS_ASSERTIONS = NO;
				ENABLE_STRICT_OBJC_MSGSEND = YES;
				GCC_C_LANGUAGE_STANDARD = gnu11;
				GCC_NO_COMMON_BLOCKS = YES;
				GCC_WARN_64_TO_32_BIT_CONVERSION = YES;
				GCC_WARN_ABOUT_RETURN_TYPE = YES_ERROR;
				GCC_WARN_UNDECLARED_SELECTOR = YES;
				GCC_WARN_UNINITIALIZED_AUTOS = YES_AGGRESSIVE;
				GCC_WARN_UNUSED_FUNCTION = YES;
				GCC_WARN_UNUSED_VARIABLE = YES;
				IPHONEOS_DEPLOYMENT_TARGET = 15.4;
				MTL_ENABLE_DEBUG_INFO = NO;
				MTL_FAST_MATH = YES;
				SDKROOT = iphoneos;
				SWIFT_COMPILATION_MODE = wholemodule;
				SWIFT_OPTIMIZATION_LEVEL = "-O";
				VALIDATE_PRODUCT = YES;
			};
			name = Release;
		};
		EE4A5C6327EA0864000009FD /* Debug */ = {
			isa = XCBuildConfiguration;
			buildSettings = {
				ASSETCATALOG_COMPILER_APPICON_NAME = AppIcon;
				ASSETCATALOG_COMPILER_GLOBAL_ACCENT_COLOR_NAME = AccentColor;
				CODE_SIGN_STYLE = Automatic;
				CURRENT_PROJECT_VERSION = 1;
				GENERATE_INFOPLIST_FILE = YES;
				INFOPLIST_FILE = ProcedureKitIntro/Info.plist;
				INFOPLIST_KEY_UIApplicationSupportsIndirectInputEvents = YES;
				INFOPLIST_KEY_UILaunchStoryboardName = LaunchScreen;
				INFOPLIST_KEY_UIMainStoryboardFile = Main;
				INFOPLIST_KEY_UISupportedInterfaceOrientations_iPad = "UIInterfaceOrientationPortrait UIInterfaceOrientationPortraitUpsideDown UIInterfaceOrientationLandscapeLeft UIInterfaceOrientationLandscapeRight";
				INFOPLIST_KEY_UISupportedInterfaceOrientations_iPhone = "UIInterfaceOrientationPortrait UIInterfaceOrientationLandscapeLeft UIInterfaceOrientationLandscapeRight";
				LD_RUNPATH_SEARCH_PATHS = (
					"$(inherited)",
					"@executable_path/Frameworks",
				);
				MARKETING_VERSION = 1.0;
				PRODUCT_BUNDLE_IDENTIFIER = "edu.gini-apps.ProcedureKitIntro";
				PRODUCT_NAME = "$(TARGET_NAME)";
				SWIFT_EMIT_LOC_STRINGS = YES;
				SWIFT_VERSION = 5.0;
				TARGETED_DEVICE_FAMILY = "1,2";
			};
			name = Debug;
		};
		EE4A5C6427EA0864000009FD /* Release */ = {
			isa = XCBuildConfiguration;
			buildSettings = {
				ASSETCATALOG_COMPILER_APPICON_NAME = AppIcon;
				ASSETCATALOG_COMPILER_GLOBAL_ACCENT_COLOR_NAME = AccentColor;
				CODE_SIGN_STYLE = Automatic;
				CURRENT_PROJECT_VERSION = 1;
				GENERATE_INFOPLIST_FILE = YES;
				INFOPLIST_FILE = ProcedureKitIntro/Info.plist;
				INFOPLIST_KEY_UIApplicationSupportsIndirectInputEvents = YES;
				INFOPLIST_KEY_UILaunchStoryboardName = LaunchScreen;
				INFOPLIST_KEY_UIMainStoryboardFile = Main;
				INFOPLIST_KEY_UISupportedInterfaceOrientations_iPad = "UIInterfaceOrientationPortrait UIInterfaceOrientationPortraitUpsideDown UIInterfaceOrientationLandscapeLeft UIInterfaceOrientationLandscapeRight";
				INFOPLIST_KEY_UISupportedInterfaceOrientations_iPhone = "UIInterfaceOrientationPortrait UIInterfaceOrientationLandscapeLeft UIInterfaceOrientationLandscapeRight";
				LD_RUNPATH_SEARCH_PATHS = (
					"$(inherited)",
					"@executable_path/Frameworks",
				);
				MARKETING_VERSION = 1.0;
				PRODUCT_BUNDLE_IDENTIFIER = "edu.gini-apps.ProcedureKitIntro";
				PRODUCT_NAME = "$(TARGET_NAME)";
				SWIFT_EMIT_LOC_STRINGS = YES;
				SWIFT_VERSION = 5.0;
				TARGETED_DEVICE_FAMILY = "1,2";
			};
			name = Release;
		};
/* End XCBuildConfiguration section */

/* Begin XCConfigurationList section */
		EE4A5C4927EA0863000009FD /* Build configuration list for PBXProject "ProcedureKitIntro" */ = {
			isa = XCConfigurationList;
			buildConfigurations = (
				EE4A5C6027EA0864000009FD /* Debug */,
				EE4A5C6127EA0864000009FD /* Release */,
			);
			defaultConfigurationIsVisible = 0;
			defaultConfigurationName = Release;
		};
		EE4A5C6227EA0864000009FD /* Build configuration list for PBXNativeTarget "ProcedureKitIntro" */ = {
			isa = XCConfigurationList;
			buildConfigurations = (
				EE4A5C6327EA0864000009FD /* Debug */,
				EE4A5C6427EA0864000009FD /* Release */,
			);
			defaultConfigurationIsVisible = 0;
			defaultConfigurationName = Release;
		};
/* End XCConfigurationList section */

/* Begin XCRemoteSwiftPackageReference section */
		EE4A5C6527EA08AF000009FD /* XCRemoteSwiftPackageReference "ProcedureKit" */ = {
			isa = XCRemoteSwiftPackageReference;
			repositoryURL = "https://github.com/ArkadiGiniApps/ProcedureKit.git";
			requirement = {
				kind = upToNextMajorVersion;
				minimumVersion = 5.0.0;
			};
		};
/* End XCRemoteSwiftPackageReference section */

/* Begin XCSwiftPackageProductDependency section */
		EE4A5C6627EA08AF000009FD /* ProcedureKit */ = {
			isa = XCSwiftPackageProductDependency;
			package = EE4A5C6527EA08AF000009FD /* XCRemoteSwiftPackageReference "ProcedureKit" */;
			productName = ProcedureKit;
		};
/* End XCSwiftPackageProductDependency section */
	};
	rootObject = EE4A5C4627EA0863000009FD /* Project object */;
}
